
Microsoft Visual Studio Solution File, Format Version 12.00
# Visual Studio Version 16
VisualStudioVersion = 25.0.1703.3
MinimumVisualStudioVersion = 10.0.40219.1
Project("{FAE04EC0-301F-11D3-BF4B-00C04F79EFBC}") = "BascketApp.Api", "BascketApp.Api\BascketApp.Api.csproj", "{2D6BBAAF-3425-4865-9BB2-F5127DA3CD1F}"
EndProject
Project("{FAE04EC0-301F-11D3-BF4B-00C04F79EFBC}") = "BascketApp.Domain", "BascketApp.Domain\BascketApp.Domain.csproj", "{B2D34E33-FB82-4014-87D4-FE8E2DFF0EED}"
EndProject
Project("{FAE04EC0-301F-11D3-BF4B-00C04F79EFBC}") = "BascketApp.Infrastructure", "BascketApp.Infrastructure\BascketApp.Infrastructure.csproj", "{30FBC581-8478-4E64-9CE3-92216783E375}"
EndProject
Project("{FAE04EC0-301F-11D3-BF4B-00C04F79EFBC}") = "BascketApp.Application", "BascketApp.Application\BascketApp.Application.csproj", "{754E1D92-CEDF-4633-BA5F-41756C8484F7}"
EndProject
Global
	GlobalSection(SolutionConfigurationPlatforms) = preSolution
		Debug|Any CPU = Debug|Any CPU
		Release|Any CPU = Release|Any CPU
	EndGlobalSection
	GlobalSection(ProjectConfigurationPlatforms) = postSolution
		{2D6BBAAF-3425-4865-9BB2-F5127DA3CD1F}.Debug|Any CPU.ActiveCfg = Debug|Any CPU
		{2D6BBAAF-3425-4865-9BB2-F5127DA3CD1F}.Debug|Any CPU.Build.0 = Debug|Any CPU
		{2D6BBAAF-3425-4865-9BB2-F5127DA3CD1F}.Release|Any CPU.ActiveCfg = Release|Any CPU
		{2D6BBAAF-3425-4865-9BB2-F5127DA3CD1F}.Release|Any CPU.Build.0 = Release|Any CPU
		{B2D34E33-FB82-4014-87D4-FE8E2DFF0EED}.Debug|Any CPU.ActiveCfg = Debug|Any CPU
		{B2D34E33-FB82-4014-87D4-FE8E2DFF0EED}.Debug|Any CPU.Build.0 = Debug|Any CPU
		{B2D34E33-FB82-4014-87D4-FE8E2DFF0EED}.Release|Any CPU.ActiveCfg = Release|Any CPU
		{B2D34E33-FB82-4014-87D4-FE8E2DFF0EED}.Release|Any CPU.Build.0 = Release|Any CPU
		{30FBC581-8478-4E64-9CE3-92216783E375}.Debug|Any CPU.ActiveCfg = Debug|Any CPU
		{30FBC581-8478-4E64-9CE3-92216783E375}.Debug|Any CPU.Build.0 = Debug|Any CPU
		{30FBC581-8478-4E64-9CE3-92216783E375}.Release|Any CPU.ActiveCfg = Release|Any CPU
		{30FBC581-8478-4E64-9CE3-92216783E375}.Release|Any CPU.Build.0 = Release|Any CPU
		{754E1D92-CEDF-4633-BA5F-41756C8484F7}.Debug|Any CPU.ActiveCfg = Debug|Any CPU
		{754E1D92-CEDF-4633-BA5F-41756C8484F7}.Debug|Any CPU.Build.0 = Debug|Any CPU
		{754E1D92-CEDF-4633-BA5F-41756C8484F7}.Release|Any CPU.ActiveCfg = Release|Any CPU
		{754E1D92-CEDF-4633-BA5F-41756C8484F7}.Release|Any CPU.Build.0 = Release|Any CPU
	EndGlobalSection
	GlobalSection(SolutionProperties) = preSolution
		HideSolutionNode = FALSE
	EndGlobalSection
	GlobalSection(ExtensibilityGlobals) = postSolution
		SolutionGuid = {D64863B1-D508-4063-BEF9-DC40D29E1FD3}
	EndGlobalSection
EndGlobal
